
Microsoft Visual Studio Solution File, Format Version 12.00
# Visual Studio 15
VisualStudioVersion = 15.0.27703.2018
MinimumVisualStudioVersion = 10.0.40219.1
Project("{FAE04EC0-301F-11D3-BF4B-00C04F79EFBC}") = "Excno", "Excno\Excno.csproj", "{3962AC71-D47D-4C8B-9F64-6A53F26EE306}"
EndProject
Project("{FAE04EC0-301F-11D3-BF4B-00C04F79EFBC}") = "Data", "Data\Data.csproj", "{208EB8F2-087D-4AC5-B5CE-5034738E9AC8}"
EndProject
Project("{FAE04EC0-301F-11D3-BF4B-00C04F79EFBC}") = "Logic", "Logic\Logic.csproj", "{5F70C919-05A3-4826-B737-9FE7E050026E}"
EndProject
Global
	GlobalSection(SolutionConfigurationPlatforms) = preSolution
		Debug|Any CPU = Debug|Any CPU
		Release|Any CPU = Release|Any CPU
	EndGlobalSection
	GlobalSection(ProjectConfigurationPlatforms) = postSolution
		{3962AC71-D47D-4C8B-9F64-6A53F26EE306}.Debug|Any CPU.ActiveCfg = Debug|Any CPU
		{3962AC71-D47D-4C8B-9F64-6A53F26EE306}.Debug|Any CPU.Build.0 = Debug|Any CPU
		{3962AC71-D47D-4C8B-9F64-6A53F26EE306}.Release|Any CPU.ActiveCfg = Release|Any CPU
		{3962AC71-D47D-4C8B-9F64-6A53F26EE306}.Release|Any CPU.Build.0 = Release|Any CPU
		{208EB8F2-087D-4AC5-B5CE-5034738E9AC8}.Debug|Any CPU.ActiveCfg = Debug|Any CPU
		{208EB8F2-087D-4AC5-B5CE-5034738E9AC8}.Debug|Any CPU.Build.0 = Debug|Any CPU
		{208EB8F2-087D-4AC5-B5CE-5034738E9AC8}.Release|Any CPU.ActiveCfg = Release|Any CPU
		{208EB8F2-087D-4AC5-B5CE-5034738E9AC8}.Release|Any CPU.Build.0 = Release|Any CPU
		{5F70C919-05A3-4826-B737-9FE7E050026E}.Debug|Any CPU.ActiveCfg = Debug|Any CPU
		{5F70C919-05A3-4826-B737-9FE7E050026E}.Debug|Any CPU.Build.0 = Debug|Any CPU
		{5F70C919-05A3-4826-B737-9FE7E050026E}.Release|Any CPU.ActiveCfg = Release|Any CPU
		{5F70C919-05A3-4826-B737-9FE7E050026E}.Release|Any CPU.Build.0 = Release|Any CPU
	EndGlobalSection
	GlobalSection(SolutionProperties) = preSolution
		HideSolutionNode = FALSE
	EndGlobalSection
	GlobalSection(ExtensibilityGlobals) = postSolution
		SolutionGuid = {685F753F-C510-4F57-88EE-BED66991173F}
	EndGlobalSection
EndGlobal
